// !$*UTF8*$!
{
	archiveVersion = 1;
	classes = {
	};
	objectVersion = 48;
	objects = {

/* Begin PBXBuildFile section */
		AC15BB431F8FC8DC00000010 /* AppDelegate.swift in Sources */ = {isa = PBXBuildFile; fileRef = AC15BB421F8FC8DC00000010 /* AppDelegate.swift */; };
		AC15BB451F8FC8DC00000010 /* ViewController.swift in Sources */ = {isa = PBXBuildFile; fileRef = AC15BB441F8FC8DC00000010 /* ViewController.swift */; };
		AC15BB481F8FC8DC00000010 /* Main.storyboard in Resources */ = {isa = PBXBuildFile; fileRef = AC15BB461F8FC8DC00000010 /* Main.storyboard */; };
		AC15BB4A1F8FC8DC00000010 /* Assets.xcassets in Resources */ = {isa = PBXBuildFile; fileRef = AC15BB491F8FC8DC00000010 /* Assets.xcassets */; };
		AC15BB4D1F8FC8DC00000010 /* LaunchScreen.storyboard in Resources */ = {isa = PBXBuildFile; fileRef = AC15BB4B1F8FC8DC00000010 /* LaunchScreen.storyboard */; };
		AC15BB561F8FC90600000010 /* MapKit.framework in Frameworks */ = {isa = PBXBuildFile; fileRef = AC15BB551F8FC90600000010 /* MapKit.framework */; };
		AC15BB581F904A6B00000010 /* MapDisplay.swift in Sources */ = {isa = PBXBuildFile; fileRef = AC15BB571F904A6B00000010 /* MapDisplay.swift */; };
		AC15BB5A1F90642400000010 /* pinAnnotation.swift in Sources */ = {isa = PBXBuildFile; fileRef = AC15BB591F90642400000010 /* pinAnnotation.swift */; };
/* End PBXBuildFile section */

/* Begin PBXFileReference section */
		AC15BB3F1F8FC8DC00000010 /* mapKitDecodable.app */ = {isa = PBXFileReference; explicitFileType = wrapper.application; includeInIndex = 0; path = mapKitDecodable.app; sourceTree = BUILT_PRODUCTS_DIR; };
		AC15BB421F8FC8DC00000010 /* AppDelegate.swift */ = {isa = PBXFileReference; lastKnownFileType = sourcecode.swift; path = AppDelegate.swift; sourceTree = "<group>"; };
		AC15BB441F8FC8DC00000010 /* ViewController.swift */ = {isa = PBXFileReference; lastKnownFileType = sourcecode.swift; path = ViewController.swift; sourceTree = "<group>"; };
		AC15BB471F8FC8DC00000010 /* Base */ = {isa = PBXFileReference; lastKnownFileType = file.storyboard; name = Base; path = Base.lproj/Main.storyboard; sourceTree = "<group>"; };
		AC15BB491F8FC8DC00000010 /* Assets.xcassets */ = {isa = PBXFileReference; lastKnownFileType = folder.assetcatalog; path = Assets.xcassets; sourceTree = "<group>"; };
		AC15BB4C1F8FC8DC00000010 /* Base */ = {isa = PBXFileReference; lastKnownFileType = file.storyboard; name = Base; path = Base.lproj/LaunchScreen.storyboard; sourceTree = "<group>"; };
		AC15BB4E1F8FC8DC00000010 /* Info.plist */ = {isa = PBXFileReference; lastKnownFileType = text.plist.xml; path = Info.plist; sourceTree = "<group>"; };
		AC15BB551F8FC90600000010 /* MapKit.framework */ = {isa = PBXFileReference; lastKnownFileType = wrapper.framework; name = MapKit.framework; path = System/Library/Frameworks/MapKit.framework; sourceTree = SDKROOT; };
		AC15BB571F904A6B00000010 /* MapDisplay.swift */ = {isa = PBXFileReference; lastKnownFileType = sourcecode.swift; path = MapDisplay.swift; sourceTree = "<group>"; };
		AC15BB591F90642400000010 /* pinAnnotation.swift */ = {isa = PBXFileReference; lastKnownFileType = sourcecode.swift; path = pinAnnotation.swift; sourceTree = "<group>"; };
/* End PBXFileReference section */

/* Begin PBXFrameworksBuildPhase section */
		AC15BB3C1F8FC8DC00000010 /* Frameworks */ = {
			isa = PBXFrameworksBuildPhase;
			buildActionMask = 2147483647;
			files = (
				AC15BB561F8FC90600000010 /* MapKit.framework in Frameworks */,
			);
			runOnlyForDeploymentPostprocessing = 0;
		};
/* End PBXFrameworksBuildPhase section */

/* Begin PBXGroup section */
		AC15BB361F8FC8DC00000010 = {
			isa = PBXGroup;
			children = (
				AC15BB541F8FC90600000010 /* Frameworks */,
				AC15BB411F8FC8DC00000010 /* mapKitDecodable */,
				AC15BB401F8FC8DC00000010 /* Products */,
				AC15BB591F90642400000010 /* pinAnnotation.swift */,
				AC15BB441F8FC8DC00000010 /* ViewController.swift */,
				AC15BB571F904A6B00000010 /* MapDisplay.swift */,
				AC15BB461F8FC8DC00000010 /* Main.storyboard */,
			);
			sourceTree = "<group>";
		};
		AC15BB401F8FC8DC00000010 /* Products */ = {
			isa = PBXGroup;
			children = (
				AC15BB3F1F8FC8DC00000010 /* mapKitDecodable.app */,
			);
			name = Products;
			sourceTree = "<group>";
		};
		AC15BB411F8FC8DC00000010 /* mapKitDecodable */ = {
			isa = PBXGroup;
			children = (
				AC15BB421F8FC8DC00000010 /* AppDelegate.swift */,
				AC15BB491F8FC8DC00000010 /* Assets.xcassets */,
				AC15BB4B1F8FC8DC00000010 /* LaunchScreen.storyboard */,
				AC15BB4E1F8FC8DC00000010 /* Info.plist */,
			);
			path = mapKitDecodable;
			sourceTree = "<group>";
		};
		AC15BB541F8FC90600000010 /* Frameworks */ = {
			isa = PBXGroup;
			children = (
				AC15BB551F8FC90600000010 /* MapKit.framework */,
			);
			name = Frameworks;
			sourceTree = "<group>";
		};
/* End PBXGroup section */

/* Begin PBXNativeTarget section */
		AC15BB3E1F8FC8DC00000010 /* mapKitDecodable */ = {
			isa = PBXNativeTarget;
			buildConfigurationList = AC15BB511F8FC8DC00000010 /* Build configuration list for PBXNativeTarget "mapKitDecodable" */;
			buildPhases = (
				AC15BB3B1F8FC8DC00000010 /* Sources */,
				AC15BB3C1F8FC8DC00000010 /* Frameworks */,
				AC15BB3D1F8FC8DC00000010 /* Resources */,
			);
			buildRules = (
			);
			dependencies = (
			);
			name = mapKitDecodable;
			productName = mapKitDecodable;
			productReference = AC15BB3F1F8FC8DC00000010 /* mapKitDecodable.app */;
			productType = "com.apple.product-type.application";
		};
/* End PBXNativeTarget section */

/* Begin PBXProject section */
		AC15BB371F8FC8DC00000010 /* Project object */ = {
			isa = PBXProject;
			attributes = {
				LastSwiftUpdateCheck = 0900;
				LastUpgradeCheck = 0900;
				ORGANIZATIONNAME = "Vineeth Xavier";
				TargetAttributes = {
					AC15BB3E1F8FC8DC00000010 = {
						CreatedOnToolsVersion = 9.0;
						ProvisioningStyle = Automatic;
						SystemCapabilities = {
							com.apple.Maps.iOS = {
								enabled = 1;
							};
						};
					};
				};
			};
			buildConfigurationList = AC15BB3A1F8FC8DC00000010 /* Build configuration list for PBXProject "mapKitDecodable" */;
			compatibilityVersion = "Xcode 8.0";
			developmentRegion = en;
			hasScannedForEncodings = 0;
			knownRegions = (
				en,
				Base,
			);
			mainGroup = AC15BB361F8FC8DC00000010;
			productRefGroup = AC15BB401F8FC8DC00000010 /* Products */;
			projectDirPath = "";
			projectRoot = "";
			targets = (
				AC15BB3E1F8FC8DC00000010 /* mapKitDecodable */,
			);
		};
/* End PBXProject section */

/* Begin PBXResourcesBuildPhase section */
		AC15BB3D1F8FC8DC00000010 /* Resources */ = {
			isa = PBXResourcesBuildPhase;
			buildActionMask = 2147483647;
			files = (
				AC15BB4D1F8FC8DC00000010 /* LaunchScreen.storyboard in Resources */,
				AC15BB4A1F8FC8DC00000010 /* Assets.xcassets in Resources */,
				AC15BB481F8FC8DC00000010 /* Main.storyboard in Resources */,
			);
			runOnlyForDeploymentPostprocessing = 0;
		};
/* End PBXResourcesBuildPhase section */

/* Begin PBXSourcesBuildPhase section */
		AC15BB3B1F8FC8DC00000010 /* Sources */ = {
			isa = PBXSourcesBuildPhase;
			buildActionMask = 2147483647;
			files = (
				AC15BB5A1F90642400000010 /* pinAnnotation.swift in Sources */,
				AC15BB451F8FC8DC00000010 /* ViewController.swift in Sources */,
				AC15BB431F8FC8DC00000010 /* AppDelegate.swift in Sources */,
				AC15BB581F904A6B00000010 /* MapDisplay.swift in Sources */,
			);
			runOnlyForDeploymentPostprocessing = 0;
		};
/* End PBXSourcesBuildPhase section */

/* Begin PBXVariantGroup section */
		AC15BB461F8FC8DC00000010 /* Main.storyboard */ = {
			isa = PBXVariantGroup;
			children = (
				AC15BB471F8FC8DC00000010 /* Base */,
			);
			name = Main.storyboard;
			sourceTree = "<group>";
		};
		AC15BB4B1F8FC8DC00000010 /* LaunchScreen.storyboard */ = {
			isa = PBXVariantGroup;
			children = (
				AC15BB4C1F8FC8DC00000010 /* Base */,
			);
			name = LaunchScreen.storyboard;
			sourceTree = "<group>";
		};
/* End PBXVariantGroup section */

/* Begin XCBuildConfiguration section */
		AC15BB4F1F8FC8DC00000010 /* Debug */ = {
			isa = XCBuildConfiguration;
			buildSettings = {
				ALWAYS_SEARCH_USER_PATHS = NO;
				CLANG_ANALYZER_NONNULL = YES;
				CLANG_ANALYZER_NUMBER_OBJECT_CONVERSION = YES_AGGRESSIVE;
				CLANG_CXX_LANGUAGE_STANDARD = "gnu++14";
				CLANG_CXX_LIBRARY = "libc++";
				CLANG_ENABLE_MODULES = YES;
				CLANG_ENABLE_OBJC_ARC = YES;
				CLANG_WARN_BLOCK_CAPTURE_AUTORELEASING = YES;
				CLANG_WARN_BOOL_CONVERSION = YES;
				CLANG_WARN_COMMA = YES;
				CLANG_WARN_CONSTANT_CONVERSION = YES;
				CLANG_WARN_DIRECT_OBJC_ISA_USAGE = YES_ERROR;
				CLANG_WARN_DOCUMENTATION_COMMENTS = YES;
				CLANG_WARN_EMPTY_BODY = YES;
				CLANG_WARN_ENUM_CONVERSION = YES;
				CLANG_WARN_INFINITE_RECURSION = YES;
				CLANG_WARN_INT_CONVERSION = YES;
				CLANG_WARN_NON_LITERAL_NULL_CONVERSION = YES;
				CLANG_WARN_OBJC_LITERAL_CONVERSION = YES;
				CLANG_WARN_OBJC_ROOT_CLASS = YES_ERROR;
				CLANG_WARN_RANGE_LOOP_ANALYSIS = YES;
				CLANG_WARN_STRICT_PROTOTYPES = YES;
				CLANG_WARN_SUSPICIOUS_MOVE = YES;
				CLANG_WARN_UNGUARDED_AVAILABILITY = YES_AGGRESSIVE;
				CLANG_WARN_UNREACHABLE_CODE = YES;
				CLANG_WARN__DUPLICATE_METHOD_MATCH = YES;
				CODE_SIGN_IDENTITY = "iPhone Developer";
				COPY_PHASE_STRIP = NO;
				DEBUG_INFORMATION_FORMAT = dwarf;
				ENABLE_STRICT_OBJC_MSGSEND = YES;
				ENABLE_TESTABILITY = YES;
				GCC_C_LANGUAGE_STANDARD = gnu11;
				GCC_DYNAMIC_NO_PIC = NO;
				GCC_NO_COMMON_BLOCKS = YES;
				GCC_OPTIMIZATION_LEVEL = 0;
				GCC_PREPROCESSOR_DEFINITIONS = (
					"DEBUG=1",
					"$(inherited)",
				);
				GCC_WARN_64_TO_32_BIT_CONVERSION = YES;
				GCC_WARN_ABOUT_RETURN_TYPE = YES_ERROR;
				GCC_WARN_UNDECLARED_SELECTOR = YES;
				GCC_WARN_UNINITIALIZED_AUTOS = YES_AGGRESSIVE;
				GCC_WARN_UNUSED_FUNCTION = YES;
				GCC_WARN_UNUSED_VARIABLE = YES;
				IPHONEOS_DEPLOYMENT_TARGET = 11.0;
				MTL_ENABLE_DEBUG_INFO = YES;
				ONLY_ACTIVE_ARCH = YES;
				SDKROOT = iphoneos;
				SWIFT_ACTIVE_COMPILATION_CONDITIONS = DEBUG;
				SWIFT_OPTIMIZATION_LEVEL = "-Onone";
			};
			name = Debug;
		};
		AC15BB501F8FC8DC00000010 /* Release */ = {
			isa = XCBuildConfiguration;
			buildSettings = {
				ALWAYS_SEARCH_USER_PATHS = NO;
				CLANG_ANALYZER_NONNULL = YES;
				CLANG_ANALYZER_NUMBER_OBJECT_CONVERSION = YES_AGGRESSIVE;
				CLANG_CXX_LANGUAGE_STANDARD = "gnu++14";
				CLANG_CXX_LIBRARY = "libc++";
				CLANG_ENABLE_MODULES = YES;
				CLANG_ENABLE_OBJC_ARC = YES;
				CLANG_WARN_BLOCK_CAPTURE_AUTORELEASING = YES;
				CLANG_WARN_BOOL_CONVERSION = YES;
				CLANG_WARN_COMMA = YES;
				CLANG_WARN_CONSTANT_CONVERSION = YES;
				CLANG_WARN_DIRECT_OBJC_ISA_USAGE = YES_ERROR;
				CLANG_WARN_DOCUMENTATION_COMMENTS = YES;
				CLANG_WARN_EMPTY_BODY = YES;
				CLANG_WARN_ENUM_CONVERSION = YES;
				CLANG_WARN_INFINITE_RECURSION = YES;
				CLANG_WARN_INT_CONVERSION = YES;
				CLANG_WARN_NON_LITERAL_NULL_CONVERSION = YES;
				CLANG_WARN_OBJC_LITERAL_CONVERSION = YES;
				CLANG_WARN_OBJC_ROOT_CLASS = YES_ERROR;
				CLANG_WARN_RANGE_LOOP_ANALYSIS = YES;
				CLANG_WARN_STRICT_PROTOTYPES = YES;
				CLANG_WARN_SUSPICIOUS_MOVE = YES;
				CLANG_WARN_UNGUARDED_AVAILABILITY = YES_AGGRESSIVE;
				CLANG_WARN_UNREACHABLE_CODE = YES;
				CLANG_WARN__DUPLICATE_METHOD_MATCH = YES;
				CODE_SIGN_IDENTITY = "iPhone Developer";
				COPY_PHASE_STRIP = NO;
				DEBUG_INFORMATION_FORMAT = "dwarf-with-dsym";
				ENABLE_NS_ASSERTIONS = NO;
				ENABLE_STRICT_OBJC_MSGSEND = YES;
				GCC_C_LANGUAGE_STANDARD = gnu11;
				GCC_NO_COMMON_BLOCKS = YES;
				GCC_WARN_64_TO_32_BIT_CONVERSION = YES;
				GCC_WARN_ABOUT_RETURN_TYPE = YES_ERROR;
				GCC_WARN_UNDECLARED_SELECTOR = YES;
				GCC_WARN_UNINITIALIZED_AUTOS = YES_AGGRESSIVE;
				GCC_WARN_UNUSED_FUNCTION = YES;
				GCC_WARN_UNUSED_VARIABLE = YES;
				IPHONEOS_DEPLOYMENT_TARGET = 11.0;
				MTL_ENABLE_DEBUG_INFO = NO;
				SDKROOT = iphoneos;
				SWIFT_OPTIMIZATION_LEVEL = "-Owholemodule";
				VALIDATE_PRODUCT = YES;
			};
			name = Release;
		};
		AC15BB521F8FC8DC00000010 /* Debug */ = {
			isa = XCBuildConfiguration;
			buildSettings = {
				ASSETCATALOG_COMPILER_APPICON_NAME = AppIcon;
				CODE_SIGN_STYLE = Automatic;
				DEVELOPMENT_TEAM = RCFH7Y85S3;
				INFOPLIST_FILE = mapKitDecodable/Info.plist;
				LD_RUNPATH_SEARCH_PATHS = "$(inherited) @executable_path/Frameworks";
				PRODUCT_BUNDLE_IDENTIFIER = vx.mapKitDecodable;
				PRODUCT_NAME = "$(TARGET_NAME)";
				SWIFT_VERSION = 4.0;
				TARGETED_DEVICE_FAMILY = "1,2";
			};
			name = Debug;
		};
		AC15BB531F8FC8DC00000010 /* Release */ = {
			isa = XCBuildConfiguration;
			buildSettings = {
				ASSETCATALOG_COMPILER_APPICON_NAME = AppIcon;
				CODE_SIGN_STYLE = Automatic;
				DEVELOPMENT_TEAM = RCFH7Y85S3;
				INFOPLIST_FILE = mapKitDecodable/Info.plist;
				LD_RUNPATH_SEARCH_PATHS = "$(inherited) @executable_path/Frameworks";
				PRODUCT_BUNDLE_IDENTIFIER = vx.mapKitDecodable;
				PRODUCT_NAME = "$(TARGET_NAME)";
				SWIFT_VERSION = 4.0;
				TARGETED_DEVICE_FAMILY = "1,2";
			};
			name = Release;
		};
/* End XCBuildConfiguration section */

/* Begin XCConfigurationList section */
		AC15BB3A1F8FC8DC00000010 /* Build configuration list for PBXProject "mapKitDecodable" */ = {
			isa = XCConfigurationList;
			buildConfigurations = (
				AC15BB4F1F8FC8DC00000010 /* Debug */,
				AC15BB501F8FC8DC00000010 /* Release */,
			);
			defaultConfigurationIsVisible = 0;
			defaultConfigurationName = Release;
		};
		AC15BB511F8FC8DC00000010 /* Build configuration list for PBXNativeTarget "mapKitDecodable" */ = {
			isa = XCConfigurationList;
			buildConfigurations = (
				AC15BB521F8FC8DC00000010 /* Debug */,
				AC15BB531F8FC8DC00000010 /* Release */,
			);
			defaultConfigurationIsVisible = 0;
			defaultConfigurationName = Release;
		};
/* End XCConfigurationList section */
	};
	rootObject = AC15BB371F8FC8DC00000010 /* Project object */;
}
